
Microsoft Visual Studio Solution File, Format Version 12.00
# Visual Studio 15
VisualStudioVersion = 15.0.35213.121
MinimumVisualStudioVersion = 10.0.40219.1
Project("{FAE04EC0-301F-11D3-BF4B-00C04F79EFBC}") = "Flappy Bird", "Flappy Bird\Flappy Bird.csproj", "{FF5A7EF5-9F11-42F4-9C20-73009EC767FD}"
EndProject
Global
	GlobalSection(SolutionConfigurationPlatforms) = preSolution
		Debug|Any CPU = Debug|Any CPU
		Release|Any CPU = Release|Any CPU
	EndGlobalSection
	GlobalSection(ProjectConfigurationPlatforms) = postSolution
		{FF5A7EF5-9F11-42F4-9C20-73009EC767FD}.Debug|Any CPU.ActiveCfg = Debug|Any CPU
		{FF5A7EF5-9F11-42F4-9C20-73009EC767FD}.Debug|Any CPU.Build.0 = Debug|Any CPU
		{FF5A7EF5-9F11-42F4-9C20-73009EC767FD}.Release|Any CPU.ActiveCfg = Release|Any CPU
		{FF5A7EF5-9F11-42F4-9C20-73009EC767FD}.Release|Any CPU.Build.0 = Release|Any CPU
	EndGlobalSection
	GlobalSection(SolutionProperties) = preSolution
		HideSolutionNode = FALSE
	EndGlobalSection
	GlobalSection(ExtensibilityGlobals) = postSolution
		SolutionGuid = {1B3F7A8F-ED31-444B-9520-C007E97A457B}
	EndGlobalSection
EndGlobal
